// !$*UTF8*$!
{
	archiveVersion = 1;
	classes = {
	};
	objectVersion = 56;
	objects = {

/* Begin PBXBuildFile section */
		1B00521C29F61456005EEDDC /* Algorithm.swift in Sources */ = {isa = PBXBuildFile; fileRef = 1B00521B29F61456005EEDDC /* Algorithm.swift */; };
		1B00521F29F61488005EEDDC /* Models.swift in Sources */ = {isa = PBXBuildFile; fileRef = 1B00521E29F61488005EEDDC /* Models.swift */; };
		1B00522129F614D0005EEDDC /* ApplicationState.swift in Sources */ = {isa = PBXBuildFile; fileRef = 1B00522029F614D0005EEDDC /* ApplicationState.swift */; };
		1B00522329F614EA005EEDDC /* ApplicationActions.swift in Sources */ = {isa = PBXBuildFile; fileRef = 1B00522229F614EA005EEDDC /* ApplicationActions.swift */; };
		1B00522529F61502005EEDDC /* ApplicationReducer.swift in Sources */ = {isa = PBXBuildFile; fileRef = 1B00522429F61502005EEDDC /* ApplicationReducer.swift */; };
		1B00522729F61538005EEDDC /* ApplicationStore.swift in Sources */ = {isa = PBXBuildFile; fileRef = 1B00522629F61538005EEDDC /* ApplicationStore.swift */; };
		1B00522C29F61D6E005EEDDC /* ValidateForm.swift in Sources */ = {isa = PBXBuildFile; fileRef = 1B00522B29F61D6E005EEDDC /* ValidateForm.swift */; };
		1B2F823C29F4428300AC148D /* MyFootbaallApp.swift in Sources */ = {isa = PBXBuildFile; fileRef = 1B2F823B29F4428300AC148D /* MyFootbaallApp.swift */; };
		1B2F823E29F4428300AC148D /* ContentView.swift in Sources */ = {isa = PBXBuildFile; fileRef = 1B2F823D29F4428300AC148D /* ContentView.swift */; };
		1B2F824029F4428400AC148D /* Assets.xcassets in Resources */ = {isa = PBXBuildFile; fileRef = 1B2F823F29F4428400AC148D /* Assets.xcassets */; };
		1B2F824329F4428400AC148D /* Preview Assets.xcassets in Resources */ = {isa = PBXBuildFile; fileRef = 1B2F824229F4428400AC148D /* Preview Assets.xcassets */; };
		1BC02E3B29F586AA00C374AC /* CustomTextField.swift in Sources */ = {isa = PBXBuildFile; fileRef = 1BC02E3A29F586AA00C374AC /* CustomTextField.swift */; };
		1BC02E4229F5CE0400C374AC /* Match.swift in Sources */ = {isa = PBXBuildFile; fileRef = 1BC02E4129F5CE0400C374AC /* Match.swift */; };
		1BDAF6A329F6B5EF00E89281 /* Sheet.swift in Sources */ = {isa = PBXBuildFile; fileRef = 1BDAF6A229F6B5EF00E89281 /* Sheet.swift */; };
/* End PBXBuildFile section */

/* Begin PBXFileReference section */
		1B00521B29F61456005EEDDC /* Algorithm.swift */ = {isa = PBXFileReference; lastKnownFileType = sourcecode.swift; path = Algorithm.swift; sourceTree = "<group>"; };
		1B00521E29F61488005EEDDC /* Models.swift */ = {isa = PBXFileReference; lastKnownFileType = sourcecode.swift; path = Models.swift; sourceTree = "<group>"; };
		1B00522029F614D0005EEDDC /* ApplicationState.swift */ = {isa = PBXFileReference; lastKnownFileType = sourcecode.swift; path = ApplicationState.swift; sourceTree = "<group>"; };
		1B00522229F614EA005EEDDC /* ApplicationActions.swift */ = {isa = PBXFileReference; lastKnownFileType = sourcecode.swift; path = ApplicationActions.swift; sourceTree = "<group>"; };
		1B00522429F61502005EEDDC /* ApplicationReducer.swift */ = {isa = PBXFileReference; lastKnownFileType = sourcecode.swift; path = ApplicationReducer.swift; sourceTree = "<group>"; };
		1B00522629F61538005EEDDC /* ApplicationStore.swift */ = {isa = PBXFileReference; lastKnownFileType = sourcecode.swift; path = ApplicationStore.swift; sourceTree = "<group>"; };
		1B00522B29F61D6E005EEDDC /* ValidateForm.swift */ = {isa = PBXFileReference; lastKnownFileType = sourcecode.swift; path = ValidateForm.swift; sourceTree = "<group>"; };
		1B2F823829F4428300AC148D /* MyFootbaall.app */ = {isa = PBXFileReference; explicitFileType = wrapper.application; includeInIndex = 0; path = MyFootbaall.app; sourceTree = BUILT_PRODUCTS_DIR; };
		1B2F823B29F4428300AC148D /* MyFootbaallApp.swift */ = {isa = PBXFileReference; lastKnownFileType = sourcecode.swift; path = MyFootbaallApp.swift; sourceTree = "<group>"; };
		1B2F823D29F4428300AC148D /* ContentView.swift */ = {isa = PBXFileReference; lastKnownFileType = sourcecode.swift; path = ContentView.swift; sourceTree = "<group>"; };
		1B2F823F29F4428400AC148D /* Assets.xcassets */ = {isa = PBXFileReference; lastKnownFileType = folder.assetcatalog; path = Assets.xcassets; sourceTree = "<group>"; };
		1B2F824229F4428400AC148D /* Preview Assets.xcassets */ = {isa = PBXFileReference; lastKnownFileType = folder.assetcatalog; path = "Preview Assets.xcassets"; sourceTree = "<group>"; };
		1BC02E3A29F586AA00C374AC /* CustomTextField.swift */ = {isa = PBXFileReference; lastKnownFileType = sourcecode.swift; path = CustomTextField.swift; sourceTree = "<group>"; };
		1BC02E4129F5CE0400C374AC /* Match.swift */ = {isa = PBXFileReference; lastKnownFileType = sourcecode.swift; path = Match.swift; sourceTree = "<group>"; };
		1BDAF6A229F6B5EF00E89281 /* Sheet.swift */ = {isa = PBXFileReference; lastKnownFileType = sourcecode.swift; path = Sheet.swift; sourceTree = "<group>"; };
/* End PBXFileReference section */

/* Begin PBXFrameworksBuildPhase section */
		1B2F823529F4428300AC148D /* Frameworks */ = {
			isa = PBXFrameworksBuildPhase;
			buildActionMask = 2147483647;
			files = (
			);
			runOnlyForDeploymentPostprocessing = 0;
		};
/* End PBXFrameworksBuildPhase section */

/* Begin PBXGroup section */
		1B00521D29F61479005EEDDC /* Redux */ = {
			isa = PBXGroup;
			children = (
				1B00521E29F61488005EEDDC /* Models.swift */,
				1B00522029F614D0005EEDDC /* ApplicationState.swift */,
				1B00522229F614EA005EEDDC /* ApplicationActions.swift */,
				1B00522429F61502005EEDDC /* ApplicationReducer.swift */,
				1B00522629F61538005EEDDC /* ApplicationStore.swift */,
			);
			path = Redux;
			sourceTree = "<group>";
		};
		1B00522829F6155D005EEDDC /* utils */ = {
			isa = PBXGroup;
			children = (
				1B00521B29F61456005EEDDC /* Algorithm.swift */,
				1B00522B29F61D6E005EEDDC /* ValidateForm.swift */,
			);
			path = utils;
			sourceTree = "<group>";
		};
		1B2F822F29F4428300AC148D = {
			isa = PBXGroup;
			children = (
				1B2F823A29F4428300AC148D /* MyFootbaall */,
				1B2F823929F4428300AC148D /* Products */,
			);
			sourceTree = "<group>";
		};
		1B2F823929F4428300AC148D /* Products */ = {
			isa = PBXGroup;
			children = (
				1B2F823829F4428300AC148D /* MyFootbaall.app */,
			);
			name = Products;
			sourceTree = "<group>";
		};
		1B2F823A29F4428300AC148D /* MyFootbaall */ = {
			isa = PBXGroup;
			children = (
				1BDAF6A429F6BA3300E89281 /* Views */,
				1BDAF6A129F6B5E300E89281 /* Components */,
				1B00522829F6155D005EEDDC /* utils */,
				1B00521D29F61479005EEDDC /* Redux */,
				1B2F823B29F4428300AC148D /* MyFootbaallApp.swift */,
				1B2F823F29F4428400AC148D /* Assets.xcassets */,
				1B2F824129F4428400AC148D /* Preview Content */,
			);
			path = MyFootbaall;
			sourceTree = "<group>";
		};
		1B2F824129F4428400AC148D /* Preview Content */ = {
			isa = PBXGroup;
			children = (
				1B2F824229F4428400AC148D /* Preview Assets.xcassets */,
			);
			path = "Preview Content";
			sourceTree = "<group>";
		};
		1BDAF6A129F6B5E300E89281 /* Components */ = {
			isa = PBXGroup;
			children = (
				1BC02E3A29F586AA00C374AC /* CustomTextField.swift */,
				1BDAF6A229F6B5EF00E89281 /* Sheet.swift */,
			);
			path = Components;
			sourceTree = "<group>";
		};
		1BDAF6A429F6BA3300E89281 /* Views */ = {
			isa = PBXGroup;
			children = (
				1BC02E4129F5CE0400C374AC /* Match.swift */,
				1B2F823D29F4428300AC148D /* ContentView.swift */,
			);
			path = Views;
			sourceTree = "<group>";
		};
/* End PBXGroup section */

/* Begin PBXNativeTarget section */
		1B2F823729F4428300AC148D /* MyFootbaall */ = {
			isa = PBXNativeTarget;
			buildConfigurationList = 1B2F824629F4428400AC148D /* Build configuration list for PBXNativeTarget "MyFootbaall" */;
			buildPhases = (
				1B2F823429F4428300AC148D /* Sources */,
				1B2F823529F4428300AC148D /* Frameworks */,
				1B2F823629F4428300AC148D /* Resources */,
			);
			buildRules = (
			);
			dependencies = (
			);
			name = MyFootbaall;
			productName = MyFootbaall;
			productReference = 1B2F823829F4428300AC148D /* MyFootbaall.app */;
			productType = "com.apple.product-type.application";
		};
/* End PBXNativeTarget section */

/* Begin PBXProject section */
		1B2F823029F4428300AC148D /* Project object */ = {
			isa = PBXProject;
			attributes = {
				BuildIndependentTargetsInParallel = 1;
				LastSwiftUpdateCheck = 1430;
				LastUpgradeCheck = 1430;
				TargetAttributes = {
					1B2F823729F4428300AC148D = {
						CreatedOnToolsVersion = 14.3;
					};
				};
			};
			buildConfigurationList = 1B2F823329F4428300AC148D /* Build configuration list for PBXProject "MyFootbaall" */;
			compatibilityVersion = "Xcode 14.0";
			developmentRegion = en;
			hasScannedForEncodings = 0;
			knownRegions = (
				en,
				Base,
			);
			mainGroup = 1B2F822F29F4428300AC148D;
			productRefGroup = 1B2F823929F4428300AC148D /* Products */;
			projectDirPath = "";
			projectRoot = "";
			targets = (
				1B2F823729F4428300AC148D /* MyFootbaall */,
			);
		};
/* End PBXProject section */

/* Begin PBXResourcesBuildPhase section */
		1B2F823629F4428300AC148D /* Resources */ = {
			isa = PBXResourcesBuildPhase;
			buildActionMask = 2147483647;
			files = (
				1B2F824329F4428400AC148D /* Preview Assets.xcassets in Resources */,
				1B2F824029F4428400AC148D /* Assets.xcassets in Resources */,
			);
			runOnlyForDeploymentPostprocessing = 0;
		};
/* End PBXResourcesBuildPhase section */

/* Begin PBXSourcesBuildPhase section */
		1B2F823429F4428300AC148D /* Sources */ = {
			isa = PBXSourcesBuildPhase;
			buildActionMask = 2147483647;
			files = (
				1B00522529F61502005EEDDC /* ApplicationReducer.swift in Sources */,
				1B00522329F614EA005EEDDC /* ApplicationActions.swift in Sources */,
				1B2F823E29F4428300AC148D /* ContentView.swift in Sources */,
				1BDAF6A329F6B5EF00E89281 /* Sheet.swift in Sources */,
				1B00522129F614D0005EEDDC /* ApplicationState.swift in Sources */,
				1B00522729F61538005EEDDC /* ApplicationStore.swift in Sources */,
				1B2F823C29F4428300AC148D /* MyFootbaallApp.swift in Sources */,
				1B00522C29F61D6E005EEDDC /* ValidateForm.swift in Sources */,
				1BC02E4229F5CE0400C374AC /* Match.swift in Sources */,
				1B00521F29F61488005EEDDC /* Models.swift in Sources */,
				1BC02E3B29F586AA00C374AC /* CustomTextField.swift in Sources */,
				1B00521C29F61456005EEDDC /* Algorithm.swift in Sources */,
			);
			runOnlyForDeploymentPostprocessing = 0;
		};
/* End PBXSourcesBuildPhase section */

/* Begin XCBuildConfiguration section */
		1B2F824429F4428400AC148D /* Debug */ = {
			isa = XCBuildConfiguration;
			buildSettings = {
				ALWAYS_SEARCH_USER_PATHS = NO;
				CLANG_ANALYZER_NONNULL = YES;
				CLANG_ANALYZER_NUMBER_OBJECT_CONVERSION = YES_AGGRESSIVE;
				CLANG_CXX_LANGUAGE_STANDARD = "gnu++20";
				CLANG_ENABLE_MODULES = YES;
				CLANG_ENABLE_OBJC_ARC = YES;
				CLANG_ENABLE_OBJC_WEAK = YES;
				CLANG_WARN_BLOCK_CAPTURE_AUTORELEASING = YES;
				CLANG_WARN_BOOL_CONVERSION = YES;
				CLANG_WARN_COMMA = YES;
				CLANG_WARN_CONSTANT_CONVERSION = YES;
				CLANG_WARN_DEPRECATED_OBJC_IMPLEMENTATIONS = YES;
				CLANG_WARN_DIRECT_OBJC_ISA_USAGE = YES_ERROR;
				CLANG_WARN_DOCUMENTATION_COMMENTS = YES;
				CLANG_WARN_EMPTY_BODY = YES;
				CLANG_WARN_ENUM_CONVERSION = YES;
				CLANG_WARN_INFINITE_RECURSION = YES;
				CLANG_WARN_INT_CONVERSION = YES;
				CLANG_WARN_NON_LITERAL_NULL_CONVERSION = YES;
				CLANG_WARN_OBJC_IMPLICIT_RETAIN_SELF = YES;
				CLANG_WARN_OBJC_LITERAL_CONVERSION = YES;
				CLANG_WARN_OBJC_ROOT_CLASS = YES_ERROR;
				CLANG_WARN_QUOTED_INCLUDE_IN_FRAMEWORK_HEADER = YES;
				CLANG_WARN_RANGE_LOOP_ANALYSIS = YES;
				CLANG_WARN_STRICT_PROTOTYPES = YES;
				CLANG_WARN_SUSPICIOUS_MOVE = YES;
				CLANG_WARN_UNGUARDED_AVAILABILITY = YES_AGGRESSIVE;
				CLANG_WARN_UNREACHABLE_CODE = YES;
				CLANG_WARN__DUPLICATE_METHOD_MATCH = YES;
				COPY_PHASE_STRIP = NO;
				DEBUG_INFORMATION_FORMAT = dwarf;
				ENABLE_STRICT_OBJC_MSGSEND = YES;
				ENABLE_TESTABILITY = YES;
				GCC_C_LANGUAGE_STANDARD = gnu11;
				GCC_DYNAMIC_NO_PIC = NO;
				GCC_NO_COMMON_BLOCKS = YES;
				GCC_OPTIMIZATION_LEVEL = 0;
				GCC_PREPROCESSOR_DEFINITIONS = (
					"DEBUG=1",
					"$(inherited)",
				);
				GCC_WARN_64_TO_32_BIT_CONVERSION = YES;
				GCC_WARN_ABOUT_RETURN_TYPE = YES_ERROR;
				GCC_WARN_UNDECLARED_SELECTOR = YES;
				GCC_WARN_UNINITIALIZED_AUTOS = YES_AGGRESSIVE;
				GCC_WARN_UNUSED_FUNCTION = YES;
				GCC_WARN_UNUSED_VARIABLE = YES;
				IPHONEOS_DEPLOYMENT_TARGET = 16.4;
				MTL_ENABLE_DEBUG_INFO = INCLUDE_SOURCE;
				MTL_FAST_MATH = YES;
				ONLY_ACTIVE_ARCH = YES;
				SDKROOT = iphoneos;
				SWIFT_ACTIVE_COMPILATION_CONDITIONS = DEBUG;
				SWIFT_OPTIMIZATION_LEVEL = "-Onone";
			};
			name = Debug;
		};
		1B2F824529F4428400AC148D /* Release */ = {
			isa = XCBuildConfiguration;
			buildSettings = {
				ALWAYS_SEARCH_USER_PATHS = NO;
				CLANG_ANALYZER_NONNULL = YES;
				CLANG_ANALYZER_NUMBER_OBJECT_CONVERSION = YES_AGGRESSIVE;
				CLANG_CXX_LANGUAGE_STANDARD = "gnu++20";
				CLANG_ENABLE_MODULES = YES;
				CLANG_ENABLE_OBJC_ARC = YES;
				CLANG_ENABLE_OBJC_WEAK = YES;
				CLANG_WARN_BLOCK_CAPTURE_AUTORELEASING = YES;
				CLANG_WARN_BOOL_CONVERSION = YES;
				CLANG_WARN_COMMA = YES;
				CLANG_WARN_CONSTANT_CONVERSION = YES;
				CLANG_WARN_DEPRECATED_OBJC_IMPLEMENTATIONS = YES;
				CLANG_WARN_DIRECT_OBJC_ISA_USAGE = YES_ERROR;
				CLANG_WARN_DOCUMENTATION_COMMENTS = YES;
				CLANG_WARN_EMPTY_BODY = YES;
				CLANG_WARN_ENUM_CONVERSION = YES;
				CLANG_WARN_INFINITE_RECURSION = YES;
				CLANG_WARN_INT_CONVERSION = YES;
				CLANG_WARN_NON_LITERAL_NULL_CONVERSION = YES;
				CLANG_WARN_OBJC_IMPLICIT_RETAIN_SELF = YES;
				CLANG_WARN_OBJC_LITERAL_CONVERSION = YES;
				CLANG_WARN_OBJC_ROOT_CLASS = YES_ERROR;
				CLANG_WARN_QUOTED_INCLUDE_IN_FRAMEWORK_HEADER = YES;
				CLANG_WARN_RANGE_LOOP_ANALYSIS = YES;
				CLANG_WARN_STRICT_PROTOTYPES = YES;
				CLANG_WARN_SUSPICIOUS_MOVE = YES;
				CLANG_WARN_UNGUARDED_AVAILABILITY = YES_AGGRESSIVE;
				CLANG_WARN_UNREACHABLE_CODE = YES;
				CLANG_WARN__DUPLICATE_METHOD_MATCH = YES;
				COPY_PHASE_STRIP = NO;
				DEBUG_INFORMATION_FORMAT = "dwarf-with-dsym";
				ENABLE_NS_ASSERTIONS = NO;
				ENABLE_STRICT_OBJC_MSGSEND = YES;
				GCC_C_LANGUAGE_STANDARD = gnu11;
				GCC_NO_COMMON_BLOCKS = YES;
				GCC_WARN_64_TO_32_BIT_CONVERSION = YES;
				GCC_WARN_ABOUT_RETURN_TYPE = YES_ERROR;
				GCC_WARN_UNDECLARED_SELECTOR = YES;
				GCC_WARN_UNINITIALIZED_AUTOS = YES_AGGRESSIVE;
				GCC_WARN_UNUSED_FUNCTION = YES;
				GCC_WARN_UNUSED_VARIABLE = YES;
				IPHONEOS_DEPLOYMENT_TARGET = 16.4;
				MTL_ENABLE_DEBUG_INFO = NO;
				MTL_FAST_MATH = YES;
				SDKROOT = iphoneos;
				SWIFT_COMPILATION_MODE = wholemodule;
				SWIFT_OPTIMIZATION_LEVEL = "-O";
				VALIDATE_PRODUCT = YES;
			};
			name = Release;
		};
		1B2F824729F4428400AC148D /* Debug */ = {
			isa = XCBuildConfiguration;
			buildSettings = {
				ASSETCATALOG_COMPILER_APPICON_NAME = AppIcon;
				ASSETCATALOG_COMPILER_GLOBAL_ACCENT_COLOR_NAME = AccentColor;
				CODE_SIGN_STYLE = Automatic;
				CURRENT_PROJECT_VERSION = 1;
				DEVELOPMENT_ASSET_PATHS = "\"MyFootbaall/Preview Content\"";
				DEVELOPMENT_TEAM = H9582KUVB3;
				ENABLE_PREVIEWS = YES;
				GENERATE_INFOPLIST_FILE = YES;
				INFOPLIST_KEY_UIApplicationSceneManifest_Generation = YES;
				INFOPLIST_KEY_UIApplicationSupportsIndirectInputEvents = YES;
				INFOPLIST_KEY_UILaunchScreen_Generation = YES;
				INFOPLIST_KEY_UISupportedInterfaceOrientations_iPad = "UIInterfaceOrientationPortrait UIInterfaceOrientationPortraitUpsideDown UIInterfaceOrientationLandscapeLeft UIInterfaceOrientationLandscapeRight";
				INFOPLIST_KEY_UISupportedInterfaceOrientations_iPhone = "UIInterfaceOrientationPortrait UIInterfaceOrientationLandscapeLeft UIInterfaceOrientationLandscapeRight";
				IPHONEOS_DEPLOYMENT_TARGET = 16.0;
				LD_RUNPATH_SEARCH_PATHS = (
					"$(inherited)",
					"@executable_path/Frameworks",
				);
				MARKETING_VERSION = 1.0;
				PRODUCT_BUNDLE_IDENTIFIER = com.swift.MyFootbaall;
				PRODUCT_NAME = "$(TARGET_NAME)";
				SWIFT_EMIT_LOC_STRINGS = YES;
				SWIFT_VERSION = 5.0;
				TARGETED_DEVICE_FAMILY = "1,2";
			};
			name = Debug;
		};
		1B2F824829F4428400AC148D /* Release */ = {
			isa = XCBuildConfiguration;
			buildSettings = {
				ASSETCATALOG_COMPILER_APPICON_NAME = AppIcon;
				ASSETCATALOG_COMPILER_GLOBAL_ACCENT_COLOR_NAME = AccentColor;
				CODE_SIGN_STYLE = Automatic;
				CURRENT_PROJECT_VERSION = 1;
				DEVELOPMENT_ASSET_PATHS = "\"MyFootbaall/Preview Content\"";
				DEVELOPMENT_TEAM = H9582KUVB3;
				ENABLE_PREVIEWS = YES;
				GENERATE_INFOPLIST_FILE = YES;
				INFOPLIST_KEY_UIApplicationSceneManifest_Generation = YES;
				INFOPLIST_KEY_UIApplicationSupportsIndirectInputEvents = YES;
				INFOPLIST_KEY_UILaunchScreen_Generation = YES;
				INFOPLIST_KEY_UISupportedInterfaceOrientations_iPad = "UIInterfaceOrientationPortrait UIInterfaceOrientationPortraitUpsideDown UIInterfaceOrientationLandscapeLeft UIInterfaceOrientationLandscapeRight";
				INFOPLIST_KEY_UISupportedInterfaceOrientations_iPhone = "UIInterfaceOrientationPortrait UIInterfaceOrientationLandscapeLeft UIInterfaceOrientationLandscapeRight";
				IPHONEOS_DEPLOYMENT_TARGET = 16.0;
				LD_RUNPATH_SEARCH_PATHS = (
					"$(inherited)",
					"@executable_path/Frameworks",
				);
				MARKETING_VERSION = 1.0;
				PRODUCT_BUNDLE_IDENTIFIER = com.swift.MyFootbaall;
				PRODUCT_NAME = "$(TARGET_NAME)";
				SWIFT_EMIT_LOC_STRINGS = YES;
				SWIFT_VERSION = 5.0;
				TARGETED_DEVICE_FAMILY = "1,2";
			};
			name = Release;
		};
/* End XCBuildConfiguration section */

/* Begin XCConfigurationList section */
		1B2F823329F4428300AC148D /* Build configuration list for PBXProject "MyFootbaall" */ = {
			isa = XCConfigurationList;
			buildConfigurations = (
				1B2F824429F4428400AC148D /* Debug */,
				1B2F824529F4428400AC148D /* Release */,
			);
			defaultConfigurationIsVisible = 0;
			defaultConfigurationName = Release;
		};
		1B2F824629F4428400AC148D /* Build configuration list for PBXNativeTarget "MyFootbaall" */ = {
			isa = XCConfigurationList;
			buildConfigurations = (
				1B2F824729F4428400AC148D /* Debug */,
				1B2F824829F4428400AC148D /* Release */,
			);
			defaultConfigurationIsVisible = 0;
			defaultConfigurationName = Release;
		};
/* End XCConfigurationList section */
	};
	rootObject = 1B2F823029F4428300AC148D /* Project object */;
}
